
Microsoft Visual Studio Solution File, Format Version 12.00
# Visual Studio Version 17
VisualStudioVersion = 17.4.33122.133
MinimumVisualStudioVersion = 10.0.40219.1
Project("{FAE04EC0-301F-11D3-BF4B-00C04F79EFBC}") = "Clubex2", "Clubex2\Clubex2.csproj", "{AE227F81-311C-4890-BFB2-64D0EFAC7B88}"
EndProject
Global
	GlobalSection(SolutionConfigurationPlatforms) = preSolution
		Debug|Any CPU = Debug|Any CPU
		Release|Any CPU = Release|Any CPU
	EndGlobalSection
	GlobalSection(ProjectConfigurationPlatforms) = postSolution
		{AE227F81-311C-4890-BFB2-64D0EFAC7B88}.Debug|Any CPU.ActiveCfg = Debug|Any CPU
		{AE227F81-311C-4890-BFB2-64D0EFAC7B88}.Debug|Any CPU.Build.0 = Debug|Any CPU
		{AE227F81-311C-4890-BFB2-64D0EFAC7B88}.Release|Any CPU.ActiveCfg = Release|Any CPU
		{AE227F81-311C-4890-BFB2-64D0EFAC7B88}.Release|Any CPU.Build.0 = Release|Any CPU
	EndGlobalSection
	GlobalSection(SolutionProperties) = preSolution
		HideSolutionNode = FALSE
	EndGlobalSection
	GlobalSection(ExtensibilityGlobals) = postSolution
		SolutionGuid = {B023ECEC-9EDD-4EB8-8046-622D9F7BA871}
	EndGlobalSection
EndGlobal
